{
  "name": "ddz_client",
  "version": "1.0.0",
  "lockfileVersion": 1,
  "requires": true,
  "dependencies": {
    "async": {
      "version": "3.0.1",
      "resolved": "https://registry.npm.taobao.org/async/download/async-3.0.1.tgz",
      "integrity": "sha1-3+s0ZX0eY8lMDu5CQpe/iiyagYI="
    }
  }
}
